// !$*UTF8*$!
{
	archiveVersion = 1;
	classes = {
	};
	objectVersion = 46;
	objects = {

/* Begin PBXBuildFile section */
		330E44871A07C9ED00D0591C /* SNBMainNavHotItemModel.m in Sources */ = {isa = PBXBuildFile; fileRef = 330E44861A07C9ED00D0591C /* SNBMainNavHotItemModel.m */; };
		330E448D1A07D34100D0591C /* SNBMainNavUIModel.m in Sources */ = {isa = PBXBuildFile; fileRef = 330E448C1A07D34100D0591C /* SNBMainNavUIModel.m */; };
		330E449C1A07E64D00D0591C /* TOActivityChrome.m in Sources */ = {isa = PBXBuildFile; fileRef = 330E44941A07E64D00D0591C /* TOActivityChrome.m */; };
		330E449D1A07E64D00D0591C /* TOActivitySafari.m in Sources */ = {isa = PBXBuildFile; fileRef = 330E44961A07E64D00D0591C /* TOActivitySafari.m */; };
		330E449E1A07E64D00D0591C /* TOWebViewController.m in Sources */ = {isa = PBXBuildFile; fileRef = 330E44981A07E64D00D0591C /* TOWebViewController.m */; };
		330E449F1A07E64D00D0591C /* UIImage+TOWebViewControllerIcons.m in Sources */ = {isa = PBXBuildFile; fileRef = 330E449A1A07E64D00D0591C /* UIImage+TOWebViewControllerIcons.m */; };
		330E44A41A07E71E00D0591C /* SNBAsynUrlImageView.m in Sources */ = {isa = PBXBuildFile; fileRef = 330E44A31A07E71E00D0591C /* SNBAsynUrlImageView.m */; };
		334AE1CD19FF3573005C48AB /* main.m in Sources */ = {isa = PBXBuildFile; fileRef = 334AE1CC19FF3573005C48AB /* main.m */; };
		334AE1D019FF3573005C48AB /* AppDelegate.m in Sources */ = {isa = PBXBuildFile; fileRef = 334AE1CF19FF3573005C48AB /* AppDelegate.m */; };
		334AE1D819FF3573005C48AB /* Images.xcassets in Resources */ = {isa = PBXBuildFile; fileRef = 334AE1D719FF3573005C48AB /* Images.xcassets */; };
		334AE1DB19FF3573005C48AB /* LaunchScreen.xib in Resources */ = {isa = PBXBuildFile; fileRef = 334AE1D919FF3573005C48AB /* LaunchScreen.xib */; };
		334AE1E719FF3573005C48AB /* SNBWebviewTests.m in Sources */ = {isa = PBXBuildFile; fileRef = 334AE1E619FF3573005C48AB /* SNBWebviewTests.m */; };
		334AE1F519FF76D1005C48AB /* SNBMainViewController.m in Sources */ = {isa = PBXBuildFile; fileRef = 334AE1F419FF76D1005C48AB /* SNBMainViewController.m */; };
		334AE21C19FF9DBB005C48AB /* KDCycleBannerView.m in Sources */ = {isa = PBXBuildFile; fileRef = 334AE1F919FF9DBB005C48AB /* KDCycleBannerView.m */; };
		334AE21D19FF9DBB005C48AB /* MKAnnotationView+WebCache.m in Sources */ = {isa = PBXBuildFile; fileRef = 334AE1FC19FF9DBB005C48AB /* MKAnnotationView+WebCache.m */; };
		334AE21E19FF9DBB005C48AB /* NSData+ImageContentType.m in Sources */ = {isa = PBXBuildFile; fileRef = 334AE1FE19FF9DBB005C48AB /* NSData+ImageContentType.m */; };
		334AE21F19FF9DBB005C48AB /* SDImageCache.m in Sources */ = {isa = PBXBuildFile; fileRef = 334AE20019FF9DBB005C48AB /* SDImageCache.m */; };
		334AE22019FF9DBB005C48AB /* SDWebImageCompat.m in Sources */ = {isa = PBXBuildFile; fileRef = 334AE20219FF9DBB005C48AB /* SDWebImageCompat.m */; };
		334AE22119FF9DBB005C48AB /* SDWebImageDecoder.m in Sources */ = {isa = PBXBuildFile; fileRef = 334AE20419FF9DBB005C48AB /* SDWebImageDecoder.m */; };
		334AE22219FF9DBB005C48AB /* SDWebImageDownloader.m in Sources */ = {isa = PBXBuildFile; fileRef = 334AE20619FF9DBB005C48AB /* SDWebImageDownloader.m */; };
		334AE22319FF9DBB005C48AB /* SDWebImageDownloaderOperation.m in Sources */ = {isa = PBXBuildFile; fileRef = 334AE20819FF9DBB005C48AB /* SDWebImageDownloaderOperation.m */; };
		334AE22419FF9DBB005C48AB /* SDWebImageManager.m in Sources */ = {isa = PBXBuildFile; fileRef = 334AE20A19FF9DBB005C48AB /* SDWebImageManager.m */; };
		334AE22519FF9DBB005C48AB /* SDWebImagePrefetcher.m in Sources */ = {isa = PBXBuildFile; fileRef = 334AE20D19FF9DBB005C48AB /* SDWebImagePrefetcher.m */; };
		334AE22619FF9DBB005C48AB /* UIButton+WebCache.m in Sources */ = {isa = PBXBuildFile; fileRef = 334AE20F19FF9DBB005C48AB /* UIButton+WebCache.m */; };
		334AE22719FF9DBB005C48AB /* UIImage+GIF.m in Sources */ = {isa = PBXBuildFile; fileRef = 334AE21119FF9DBB005C48AB /* UIImage+GIF.m */; };
		334AE22819FF9DBB005C48AB /* UIImage+MultiFormat.m in Sources */ = {isa = PBXBuildFile; fileRef = 334AE21319FF9DBB005C48AB /* UIImage+MultiFormat.m */; };
		334AE22919FF9DBB005C48AB /* UIImage+WebP.m in Sources */ = {isa = PBXBuildFile; fileRef = 334AE21519FF9DBB005C48AB /* UIImage+WebP.m */; };
		334AE22A19FF9DBB005C48AB /* UIImageView+HighlightedWebCache.m in Sources */ = {isa = PBXBuildFile; fileRef = 334AE21719FF9DBB005C48AB /* UIImageView+HighlightedWebCache.m */; };
		334AE22B19FF9DBB005C48AB /* UIImageView+WebCache.m in Sources */ = {isa = PBXBuildFile; fileRef = 334AE21919FF9DBB005C48AB /* UIImageView+WebCache.m */; };
		334AE22C19FF9DBB005C48AB /* UIView+WebCacheOperation.m in Sources */ = {isa = PBXBuildFile; fileRef = 334AE21B19FF9DBB005C48AB /* UIView+WebCacheOperation.m */; };
		334AE27319FF9ED2005C48AB /* SNBMainNavCard.m in Sources */ = {isa = PBXBuildFile; fileRef = 334AE25A19FF9ED2005C48AB /* SNBMainNavCard.m */; };
		334AE27419FF9ED2005C48AB /* SNBMainNavCardHeaderCell.m in Sources */ = {isa = PBXBuildFile; fileRef = 334AE25C19FF9ED2005C48AB /* SNBMainNavCardHeaderCell.m */; };
		334AE27519FF9ED2005C48AB /* SNBMainNavHotItemButton.m in Sources */ = {isa = PBXBuildFile; fileRef = 334AE25E19FF9ED2005C48AB /* SNBMainNavHotItemButton.m */; };
		334AE27619FF9ED2005C48AB /* SNBMainNavType1Card.m in Sources */ = {isa = PBXBuildFile; fileRef = 334AE26019FF9ED2005C48AB /* SNBMainNavType1Card.m */; };
		334AE27719FF9ED2005C48AB /* SNBMainNavType1Cell.m in Sources */ = {isa = PBXBuildFile; fileRef = 334AE26219FF9ED2005C48AB /* SNBMainNavType1Cell.m */; };
		334AE27819FF9ED2005C48AB /* SNBMainNavType1Model.m in Sources */ = {isa = PBXBuildFile; fileRef = 334AE26419FF9ED2005C48AB /* SNBMainNavType1Model.m */; };
		334AE27919FF9ED2005C48AB /* SNBMainNavType2Card.m in Sources */ = {isa = PBXBuildFile; fileRef = 334AE26619FF9ED2005C48AB /* SNBMainNavType2Card.m */; };
		334AE27A19FF9ED2005C48AB /* SNBMainNavType2Cell.m in Sources */ = {isa = PBXBuildFile; fileRef = 334AE26819FF9ED2005C48AB /* SNBMainNavType2Cell.m */; };
		334AE27B19FF9ED2005C48AB /* SNBMainNavType2Model.m in Sources */ = {isa = PBXBuildFile; fileRef = 334AE26A19FF9ED2005C48AB /* SNBMainNavType2Model.m */; };
		334AE27C19FF9ED2005C48AB /* SNBMainNavType3Card.m in Sources */ = {isa = PBXBuildFile; fileRef = 334AE26C19FF9ED2005C48AB /* SNBMainNavType3Card.m */; };
		334AE27D19FF9ED2005C48AB /* SNBMainNavType3Cell.m in Sources */ = {isa = PBXBuildFile; fileRef = 334AE26E19FF9ED2005C48AB /* SNBMainNavType3Cell.m */; };
		334AE27E19FF9ED2005C48AB /* SNBMainNavType3Model.m in Sources */ = {isa = PBXBuildFile; fileRef = 334AE27019FF9ED2005C48AB /* SNBMainNavType3Model.m */; };
		334AE27F19FF9ED2005C48AB /* SNBMainNavViewController.m in Sources */ = {isa = PBXBuildFile; fileRef = 334AE27219FF9ED2005C48AB /* SNBMainNavViewController.m */; };
		334AE29519FFA213005C48AB /* SNBModel.m in Sources */ = {isa = PBXBuildFile; fileRef = 334AE29419FFA213005C48AB /* SNBModel.m */; };
/* End PBXBuildFile section */

/* Begin PBXContainerItemProxy section */
		334AE1E119FF3573005C48AB /* PBXContainerItemProxy */ = {
			isa = PBXContainerItemProxy;
			containerPortal = 334AE1BF19FF3573005C48AB /* Project object */;
			proxyType = 1;
			remoteGlobalIDString = 334AE1C619FF3573005C48AB;
			remoteInfo = SNBWebview;
		};
/* End PBXContainerItemProxy section */

/* Begin PBXFileReference section */
		330E44851A07C9ED00D0591C /* SNBMainNavHotItemModel.h */ = {isa = PBXFileReference; fileEncoding = 4; lastKnownFileType = sourcecode.c.h; path = SNBMainNavHotItemModel.h; sourceTree = "<group>"; };
		330E44861A07C9ED00D0591C /* SNBMainNavHotItemModel.m */ = {isa = PBXFileReference; fileEncoding = 4; lastKnownFileType = sourcecode.c.objc; path = SNBMainNavHotItemModel.m; sourceTree = "<group>"; };
		330E448B1A07D34100D0591C /* SNBMainNavUIModel.h */ = {isa = PBXFileReference; fileEncoding = 4; lastKnownFileType = sourcecode.c.h; path = SNBMainNavUIModel.h; sourceTree = "<group>"; };
		330E448C1A07D34100D0591C /* SNBMainNavUIModel.m */ = {isa = PBXFileReference; fileEncoding = 4; lastKnownFileType = sourcecode.c.objc; path = SNBMainNavUIModel.m; sourceTree = "<group>"; };
		330E44931A07E64D00D0591C /* TOActivityChrome.h */ = {isa = PBXFileReference; fileEncoding = 4; lastKnownFileType = sourcecode.c.h; path = TOActivityChrome.h; sourceTree = "<group>"; };
		330E44941A07E64D00D0591C /* TOActivityChrome.m */ = {isa = PBXFileReference; fileEncoding = 4; lastKnownFileType = sourcecode.c.objc; path = TOActivityChrome.m; sourceTree = "<group>"; };
		330E44951A07E64D00D0591C /* TOActivitySafari.h */ = {isa = PBXFileReference; fileEncoding = 4; lastKnownFileType = sourcecode.c.h; path = TOActivitySafari.h; sourceTree = "<group>"; };
		330E44961A07E64D00D0591C /* TOActivitySafari.m */ = {isa = PBXFileReference; fileEncoding = 4; lastKnownFileType = sourcecode.c.objc; path = TOActivitySafari.m; sourceTree = "<group>"; };
		330E44971A07E64D00D0591C /* TOWebViewController.h */ = {isa = PBXFileReference; fileEncoding = 4; lastKnownFileType = sourcecode.c.h; path = TOWebViewController.h; sourceTree = "<group>"; };
		330E44981A07E64D00D0591C /* TOWebViewController.m */ = {isa = PBXFileReference; fileEncoding = 4; lastKnownFileType = sourcecode.c.objc; path = TOWebViewController.m; sourceTree = "<group>"; };
		330E44991A07E64D00D0591C /* UIImage+TOWebViewControllerIcons.h */ = {isa = PBXFileReference; fileEncoding = 4; lastKnownFileType = sourcecode.c.h; path = "UIImage+TOWebViewControllerIcons.h"; sourceTree = "<group>"; };
		330E449A1A07E64D00D0591C /* UIImage+TOWebViewControllerIcons.m */ = {isa = PBXFileReference; fileEncoding = 4; lastKnownFileType = sourcecode.c.objc; path = "UIImage+TOWebViewControllerIcons.m"; sourceTree = "<group>"; };
		330E44A21A07E71E00D0591C /* SNBAsynUrlImageView.h */ = {isa = PBXFileReference; fileEncoding = 4; lastKnownFileType = sourcecode.c.h; path = SNBAsynUrlImageView.h; sourceTree = "<group>"; };
		330E44A31A07E71E00D0591C /* SNBAsynUrlImageView.m */ = {isa = PBXFileReference; fileEncoding = 4; lastKnownFileType = sourcecode.c.objc; path = SNBAsynUrlImageView.m; sourceTree = "<group>"; };
		334AE1C719FF3573005C48AB /* SNBWebview.app */ = {isa = PBXFileReference; explicitFileType = wrapper.application; includeInIndex = 0; path = SNBWebview.app; sourceTree = BUILT_PRODUCTS_DIR; };
		334AE1CB19FF3573005C48AB /* Info.plist */ = {isa = PBXFileReference; lastKnownFileType = text.plist.xml; path = Info.plist; sourceTree = "<group>"; };
		334AE1CC19FF3573005C48AB /* main.m */ = {isa = PBXFileReference; lastKnownFileType = sourcecode.c.objc; path = main.m; sourceTree = "<group>"; };
		334AE1CE19FF3573005C48AB /* AppDelegate.h */ = {isa = PBXFileReference; lastKnownFileType = sourcecode.c.h; path = AppDelegate.h; sourceTree = "<group>"; };
		334AE1CF19FF3573005C48AB /* AppDelegate.m */ = {isa = PBXFileReference; lastKnownFileType = sourcecode.c.objc; path = AppDelegate.m; sourceTree = "<group>"; };
		334AE1D719FF3573005C48AB /* Images.xcassets */ = {isa = PBXFileReference; lastKnownFileType = folder.assetcatalog; path = Images.xcassets; sourceTree = "<group>"; };
		334AE1DA19FF3573005C48AB /* Base */ = {isa = PBXFileReference; lastKnownFileType = file.xib; name = Base; path = Base.lproj/LaunchScreen.xib; sourceTree = "<group>"; };
		334AE1E019FF3573005C48AB /* SNBWebviewTests.xctest */ = {isa = PBXFileReference; explicitFileType = wrapper.cfbundle; includeInIndex = 0; path = SNBWebviewTests.xctest; sourceTree = BUILT_PRODUCTS_DIR; };
		334AE1E519FF3573005C48AB /* Info.plist */ = {isa = PBXFileReference; lastKnownFileType = text.plist.xml; path = Info.plist; sourceTree = "<group>"; };
		334AE1E619FF3573005C48AB /* SNBWebviewTests.m */ = {isa = PBXFileReference; lastKnownFileType = sourcecode.c.objc; path = SNBWebviewTests.m; sourceTree = "<group>"; };
		334AE1F319FF76D1005C48AB /* SNBMainViewController.h */ = {isa = PBXFileReference; fileEncoding = 4; lastKnownFileType = sourcecode.c.h; path = SNBMainViewController.h; sourceTree = "<group>"; };
		334AE1F419FF76D1005C48AB /* SNBMainViewController.m */ = {isa = PBXFileReference; fileEncoding = 4; lastKnownFileType = sourcecode.c.objc; path = SNBMainViewController.m; sourceTree = "<group>"; };
		334AE1F819FF9DBB005C48AB /* KDCycleBannerView.h */ = {isa = PBXFileReference; fileEncoding = 4; lastKnownFileType = sourcecode.c.h; path = KDCycleBannerView.h; sourceTree = "<group>"; };
		334AE1F919FF9DBB005C48AB /* KDCycleBannerView.m */ = {isa = PBXFileReference; fileEncoding = 4; lastKnownFileType = sourcecode.c.objc; path = KDCycleBannerView.m; sourceTree = "<group>"; };
		334AE1FB19FF9DBB005C48AB /* MKAnnotationView+WebCache.h */ = {isa = PBXFileReference; fileEncoding = 4; lastKnownFileType = sourcecode.c.h; path = "MKAnnotationView+WebCache.h"; sourceTree = "<group>"; };
		334AE1FC19FF9DBB005C48AB /* MKAnnotationView+WebCache.m */ = {isa = PBXFileReference; fileEncoding = 4; lastKnownFileType = sourcecode.c.objc; path = "MKAnnotationView+WebCache.m"; sourceTree = "<group>"; };
		334AE1FD19FF9DBB005C48AB /* NSData+ImageContentType.h */ = {isa = PBXFileReference; fileEncoding = 4; lastKnownFileType = sourcecode.c.h; path = "NSData+ImageContentType.h"; sourceTree = "<group>"; };
		334AE1FE19FF9DBB005C48AB /* NSData+ImageContentType.m */ = {isa = PBXFileReference; fileEncoding = 4; lastKnownFileType = sourcecode.c.objc; path = "NSData+ImageContentType.m"; sourceTree = "<group>"; };
		334AE1FF19FF9DBB005C48AB /* SDImageCache.h */ = {isa = PBXFileReference; fileEncoding = 4; lastKnownFileType = sourcecode.c.h; path = SDImageCache.h; sourceTree = "<group>"; };
		334AE20019FF9DBB005C48AB /* SDImageCache.m */ = {isa = PBXFileReference; fileEncoding = 4; lastKnownFileType = sourcecode.c.objc; path = SDImageCache.m; sourceTree = "<group>"; };
		334AE20119FF9DBB005C48AB /* SDWebImageCompat.h */ = {isa = PBXFileReference; fileEncoding = 4; lastKnownFileType = sourcecode.c.h; path = SDWebImageCompat.h; sourceTree = "<group>"; };
		334AE20219FF9DBB005C48AB /* SDWebImageCompat.m */ = {isa = PBXFileReference; fileEncoding = 4; lastKnownFileType = sourcecode.c.objc; path = SDWebImageCompat.m; sourceTree = "<group>"; };
		334AE20319FF9DBB005C48AB /* SDWebImageDecoder.h */ = {isa = PBXFileReference; fileEncoding = 4; lastKnownFileType = sourcecode.c.h; path = SDWebImageDecoder.h; sourceTree = "<group>"; };
		334AE20419FF9DBB005C48AB /* SDWebImageDecoder.m */ = {isa = PBXFileReference; fileEncoding = 4; lastKnownFileType = sourcecode.c.objc; path = SDWebImageDecoder.m; sourceTree = "<group>"; };
		334AE20519FF9DBB005C48AB /* SDWebImageDownloader.h */ = {isa = PBXFileReference; fileEncoding = 4; lastKnownFileType = sourcecode.c.h; path = SDWebImageDownloader.h; sourceTree = "<group>"; };
		334AE20619FF9DBB005C48AB /* SDWebImageDownloader.m */ = {isa = PBXFileReference; fileEncoding = 4; lastKnownFileType = sourcecode.c.objc; path = SDWebImageDownloader.m; sourceTree = "<group>"; };
		334AE20719FF9DBB005C48AB /* SDWebImageDownloaderOperation.h */ = {isa = PBXFileReference; fileEncoding = 4; lastKnownFileType = sourcecode.c.h; path = SDWebImageDownloaderOperation.h; sourceTree = "<group>"; };
		334AE20819FF9DBB005C48AB /* SDWebImageDownloaderOperation.m */ = {isa = PBXFileReference; fileEncoding = 4; lastKnownFileType = sourcecode.c.objc; path = SDWebImageDownloaderOperation.m; sourceTree = "<group>"; };
		334AE20919FF9DBB005C48AB /* SDWebImageManager.h */ = {isa = PBXFileReference; fileEncoding = 4; lastKnownFileType = sourcecode.c.h; path = SDWebImageManager.h; sourceTree = "<group>"; };
		334AE20A19FF9DBB005C48AB /* SDWebImageManager.m */ = {isa = PBXFileReference; fileEncoding = 4; lastKnownFileType = sourcecode.c.objc; path = SDWebImageManager.m; sourceTree = "<group>"; };
		334AE20B19FF9DBB005C48AB /* SDWebImageOperation.h */ = {isa = PBXFileReference; fileEncoding = 4; lastKnownFileType = sourcecode.c.h; path = SDWebImageOperation.h; sourceTree = "<group>"; };
		334AE20C19FF9DBB005C48AB /* SDWebImagePrefetcher.h */ = {isa = PBXFileReference; fileEncoding = 4; lastKnownFileType = sourcecode.c.h; path = SDWebImagePrefetcher.h; sourceTree = "<group>"; };
		334AE20D19FF9DBB005C48AB /* SDWebImagePrefetcher.m */ = {isa = PBXFileReference; fileEncoding = 4; lastKnownFileType = sourcecode.c.objc; path = SDWebImagePrefetcher.m; sourceTree = "<group>"; };
		334AE20E19FF9DBB005C48AB /* UIButton+WebCache.h */ = {isa = PBXFileReference; fileEncoding = 4; lastKnownFileType = sourcecode.c.h; path = "UIButton+WebCache.h"; sourceTree = "<group>"; };
		334AE20F19FF9DBB005C48AB /* UIButton+WebCache.m */ = {isa = PBXFileReference; fileEncoding = 4; lastKnownFileType = sourcecode.c.objc; path = "UIButton+WebCache.m"; sourceTree = "<group>"; };
		334AE21019FF9DBB005C48AB /* UIImage+GIF.h */ = {isa = PBXFileReference; fileEncoding = 4; lastKnownFileType = sourcecode.c.h; path = "UIImage+GIF.h"; sourceTree = "<group>"; };
		334AE21119FF9DBB005C48AB /* UIImage+GIF.m */ = {isa = PBXFileReference; fileEncoding = 4; lastKnownFileType = sourcecode.c.objc; path = "UIImage+GIF.m"; sourceTree = "<group>"; };
		334AE21219FF9DBB005C48AB /* UIImage+MultiFormat.h */ = {isa = PBXFileReference; fileEncoding = 4; lastKnownFileType = sourcecode.c.h; path = "UIImage+MultiFormat.h"; sourceTree = "<group>"; };
		334AE21319FF9DBB005C48AB /* UIImage+MultiFormat.m */ = {isa = PBXFileReference; fileEncoding = 4; lastKnownFileType = sourcecode.c.objc; path = "UIImage+MultiFormat.m"; sourceTree = "<group>"; };
		334AE21419FF9DBB005C48AB /* UIImage+WebP.h */ = {isa = PBXFileReference; fileEncoding = 4; lastKnownFileType = sourcecode.c.h; path = "UIImage+WebP.h"; sourceTree = "<group>"; };
		334AE21519FF9DBB005C48AB /* UIImage+WebP.m */ = {isa = PBXFileReference; fileEncoding = 4; lastKnownFileType = sourcecode.c.objc; path = "UIImage+WebP.m"; sourceTree = "<group>"; };
		334AE21619FF9DBB005C48AB /* UIImageView+HighlightedWebCache.h */ = {isa = PBXFileReference; fileEncoding = 4; lastKnownFileType = sourcecode.c.h; path = "UIImageView+HighlightedWebCache.h"; sourceTree = "<group>"; };
		334AE21719FF9DBB005C48AB /* UIImageView+HighlightedWebCache.m */ = {isa = PBXFileReference; fileEncoding = 4; lastKnownFileType = sourcecode.c.objc; path = "UIImageView+HighlightedWebCache.m"; sourceTree = "<group>"; };
		334AE21819FF9DBB005C48AB /* UIImageView+WebCache.h */ = {isa = PBXFileReference; fileEncoding = 4; lastKnownFileType = sourcecode.c.h; path = "UIImageView+WebCache.h"; sourceTree = "<group>"; };
		334AE21919FF9DBB005C48AB /* UIImageView+WebCache.m */ = {isa = PBXFileReference; fileEncoding = 4; lastKnownFileType = sourcecode.c.objc; path = "UIImageView+WebCache.m"; sourceTree = "<group>"; };
		334AE21A19FF9DBB005C48AB /* UIView+WebCacheOperation.h */ = {isa = PBXFileReference; fileEncoding = 4; lastKnownFileType = sourcecode.c.h; path = "UIView+WebCacheOperation.h"; sourceTree = "<group>"; };
		334AE21B19FF9DBB005C48AB /* UIView+WebCacheOperation.m */ = {isa = PBXFileReference; fileEncoding = 4; lastKnownFileType = sourcecode.c.objc; path = "UIView+WebCacheOperation.m"; sourceTree = "<group>"; };
		334AE25919FF9ED2005C48AB /* SNBMainNavCard.h */ = {isa = PBXFileReference; fileEncoding = 4; lastKnownFileType = sourcecode.c.h; path = SNBMainNavCard.h; sourceTree = "<group>"; };
		334AE25A19FF9ED2005C48AB /* SNBMainNavCard.m */ = {isa = PBXFileReference; fileEncoding = 4; lastKnownFileType = sourcecode.c.objc; path = SNBMainNavCard.m; sourceTree = "<group>"; };
		334AE25B19FF9ED2005C48AB /* SNBMainNavCardHeaderCell.h */ = {isa = PBXFileReference; fileEncoding = 4; lastKnownFileType = sourcecode.c.h; path = SNBMainNavCardHeaderCell.h; sourceTree = "<group>"; };
		334AE25C19FF9ED2005C48AB /* SNBMainNavCardHeaderCell.m */ = {isa = PBXFileReference; fileEncoding = 4; lastKnownFileType = sourcecode.c.objc; path = SNBMainNavCardHeaderCell.m; sourceTree = "<group>"; };
		334AE25D19FF9ED2005C48AB /* SNBMainNavHotItemButton.h */ = {isa = PBXFileReference; fileEncoding = 4; lastKnownFileType = sourcecode.c.h; path = SNBMainNavHotItemButton.h; sourceTree = "<group>"; };
		334AE25E19FF9ED2005C48AB /* SNBMainNavHotItemButton.m */ = {isa = PBXFileReference; fileEncoding = 4; lastKnownFileType = sourcecode.c.objc; path = SNBMainNavHotItemButton.m; sourceTree = "<group>"; };
		334AE25F19FF9ED2005C48AB /* SNBMainNavType1Card.h */ = {isa = PBXFileReference; fileEncoding = 4; lastKnownFileType = sourcecode.c.h; path = SNBMainNavType1Card.h; sourceTree = "<group>"; };
		334AE26019FF9ED2005C48AB /* SNBMainNavType1Card.m */ = {isa = PBXFileReference; fileEncoding = 4; lastKnownFileType = sourcecode.c.objc; path = SNBMainNavType1Card.m; sourceTree = "<group>"; };
		334AE26119FF9ED2005C48AB /* SNBMainNavType1Cell.h */ = {isa = PBXFileReference; fileEncoding = 4; lastKnownFileType = sourcecode.c.h; path = SNBMainNavType1Cell.h; sourceTree = "<group>"; };
		334AE26219FF9ED2005C48AB /* SNBMainNavType1Cell.m */ = {isa = PBXFileReference; fileEncoding = 4; lastKnownFileType = sourcecode.c.objc; path = SNBMainNavType1Cell.m; sourceTree = "<group>"; };
		334AE26319FF9ED2005C48AB /* SNBMainNavType1Model.h */ = {isa = PBXFileReference; fileEncoding = 4; lastKnownFileType = sourcecode.c.h; path = SNBMainNavType1Model.h; sourceTree = "<group>"; };
		334AE26419FF9ED2005C48AB /* SNBMainNavType1Model.m */ = {isa = PBXFileReference; fileEncoding = 4; lastKnownFileType = sourcecode.c.objc; path = SNBMainNavType1Model.m; sourceTree = "<group>"; };
		334AE26519FF9ED2005C48AB /* SNBMainNavType2Card.h */ = {isa = PBXFileReference; fileEncoding = 4; lastKnownFileType = sourcecode.c.h; path = SNBMainNavType2Card.h; sourceTree = "<group>"; };
		334AE26619FF9ED2005C48AB /* SNBMainNavType2Card.m */ = {isa = PBXFileReference; fileEncoding = 4; lastKnownFileType = sourcecode.c.objc; path = SNBMainNavType2Card.m; sourceTree = "<group>"; };
		334AE26719FF9ED2005C48AB /* SNBMainNavType2Cell.h */ = {isa = PBXFileReference; fileEncoding = 4; lastKnownFileType = sourcecode.c.h; path = SNBMainNavType2Cell.h; sourceTree = "<group>"; };
		334AE26819FF9ED2005C48AB /* SNBMainNavType2Cell.m */ = {isa = PBXFileReference; fileEncoding = 4; lastKnownFileType = sourcecode.c.objc; path = SNBMainNavType2Cell.m; sourceTree = "<group>"; };
		334AE26919FF9ED2005C48AB /* SNBMainNavType2Model.h */ = {isa = PBXFileReference; fileEncoding = 4; lastKnownFileType = sourcecode.c.h; path = SNBMainNavType2Model.h; sourceTree = "<group>"; };
		334AE26A19FF9ED2005C48AB /* SNBMainNavType2Model.m */ = {isa = PBXFileReference; fileEncoding = 4; lastKnownFileType = sourcecode.c.objc; path = SNBMainNavType2Model.m; sourceTree = "<group>"; };
		334AE26B19FF9ED2005C48AB /* SNBMainNavType3Card.h */ = {isa = PBXFileReference; fileEncoding = 4; lastKnownFileType = sourcecode.c.h; path = SNBMainNavType3Card.h; sourceTree = "<group>"; };
		334AE26C19FF9ED2005C48AB /* SNBMainNavType3Card.m */ = {isa = PBXFileReference; fileEncoding = 4; lastKnownFileType = sourcecode.c.objc; path = SNBMainNavType3Card.m; sourceTree = "<group>"; };
		334AE26D19FF9ED2005C48AB /* SNBMainNavType3Cell.h */ = {isa = PBXFileReference; fileEncoding = 4; lastKnownFileType = sourcecode.c.h; path = SNBMainNavType3Cell.h; sourceTree = "<group>"; };
		334AE26E19FF9ED2005C48AB /* SNBMainNavType3Cell.m */ = {isa = PBXFileReference; fileEncoding = 4; lastKnownFileType = sourcecode.c.objc; path = SNBMainNavType3Cell.m; sourceTree = "<group>"; };
		334AE26F19FF9ED2005C48AB /* SNBMainNavType3Model.h */ = {isa = PBXFileReference; fileEncoding = 4; lastKnownFileType = sourcecode.c.h; path = SNBMainNavType3Model.h; sourceTree = "<group>"; };
		334AE27019FF9ED2005C48AB /* SNBMainNavType3Model.m */ = {isa = PBXFileReference; fileEncoding = 4; lastKnownFileType = sourcecode.c.objc; path = SNBMainNavType3Model.m; sourceTree = "<group>"; };
		334AE27119FF9ED2005C48AB /* SNBMainNavViewController.h */ = {isa = PBXFileReference; fileEncoding = 4; lastKnownFileType = sourcecode.c.h; path = SNBMainNavViewController.h; sourceTree = "<group>"; };
		334AE27219FF9ED2005C48AB /* SNBMainNavViewController.m */ = {isa = PBXFileReference; fileEncoding = 4; lastKnownFileType = sourcecode.c.objc; path = SNBMainNavViewController.m; sourceTree = "<group>"; };
		334AE29319FFA213005C48AB /* SNBModel.h */ = {isa = PBXFileReference; fileEncoding = 4; lastKnownFileType = sourcecode.c.h; path = SNBModel.h; sourceTree = "<group>"; };
		334AE29419FFA213005C48AB /* SNBModel.m */ = {isa = PBXFileReference; fileEncoding = 4; lastKnownFileType = sourcecode.c.objc; path = SNBModel.m; sourceTree = "<group>"; };
/* End PBXFileReference section */

/* Begin PBXFrameworksBuildPhase section */
		334AE1C419FF3573005C48AB /* Frameworks */ = {
			isa = PBXFrameworksBuildPhase;
			buildActionMask = 2147483647;
			files = (
			);
			runOnlyForDeploymentPostprocessing = 0;
		};
		334AE1DD19FF3573005C48AB /* Frameworks */ = {
			isa = PBXFrameworksBuildPhase;
			buildActionMask = 2147483647;
			files = (
			);
			runOnlyForDeploymentPostprocessing = 0;
		};
/* End PBXFrameworksBuildPhase section */

/* Begin PBXGroup section */
		330E448E1A07DC5B00D0591C /* Card1 */ = {
			isa = PBXGroup;
			children = (
				334AE25F19FF9ED2005C48AB /* SNBMainNavType1Card.h */,
				334AE26019FF9ED2005C48AB /* SNBMainNavType1Card.m */,
				334AE26119FF9ED2005C48AB /* SNBMainNavType1Cell.h */,
				334AE26219FF9ED2005C48AB /* SNBMainNavType1Cell.m */,
				334AE26319FF9ED2005C48AB /* SNBMainNavType1Model.h */,
				334AE26419FF9ED2005C48AB /* SNBMainNavType1Model.m */,
			);
			name = Card1;
			sourceTree = "<group>";
		};
		330E448F1A07DC7200D0591C /* Card2 */ = {
			isa = PBXGroup;
			children = (
				334AE26519FF9ED2005C48AB /* SNBMainNavType2Card.h */,
				334AE26619FF9ED2005C48AB /* SNBMainNavType2Card.m */,
				334AE26719FF9ED2005C48AB /* SNBMainNavType2Cell.h */,
				334AE26819FF9ED2005C48AB /* SNBMainNavType2Cell.m */,
				334AE26919FF9ED2005C48AB /* SNBMainNavType2Model.h */,
				334AE26A19FF9ED2005C48AB /* SNBMainNavType2Model.m */,
			);
			name = Card2;
			sourceTree = "<group>";
		};
		330E44901A07DC9A00D0591C /* Card3 */ = {
			isa = PBXGroup;
			children = (
				334AE26B19FF9ED2005C48AB /* SNBMainNavType3Card.h */,
				334AE26C19FF9ED2005C48AB /* SNBMainNavType3Card.m */,
				334AE26D19FF9ED2005C48AB /* SNBMainNavType3Cell.h */,
				334AE26E19FF9ED2005C48AB /* SNBMainNavType3Cell.m */,
				334AE26F19FF9ED2005C48AB /* SNBMainNavType3Model.h */,
				334AE27019FF9ED2005C48AB /* SNBMainNavType3Model.m */,
			);
			name = Card3;
			sourceTree = "<group>";
		};
		330E44911A07E37700D0591C /* HotItems */ = {
			isa = PBXGroup;
			children = (
				334AE25D19FF9ED2005C48AB /* SNBMainNavHotItemButton.h */,
				334AE25E19FF9ED2005C48AB /* SNBMainNavHotItemButton.m */,
				330E44851A07C9ED00D0591C /* SNBMainNavHotItemModel.h */,
				330E44861A07C9ED00D0591C /* SNBMainNavHotItemModel.m */,
			);
			name = HotItems;
			sourceTree = "<group>";
		};
		330E44921A07E64D00D0591C /* Webview */ = {
			isa = PBXGroup;
			children = (
				330E44931A07E64D00D0591C /* TOActivityChrome.h */,
				330E44941A07E64D00D0591C /* TOActivityChrome.m */,
				330E44951A07E64D00D0591C /* TOActivitySafari.h */,
				330E44961A07E64D00D0591C /* TOActivitySafari.m */,
				330E44971A07E64D00D0591C /* TOWebViewController.h */,
				330E44981A07E64D00D0591C /* TOWebViewController.m */,
				330E44991A07E64D00D0591C /* UIImage+TOWebViewControllerIcons.h */,
				330E449A1A07E64D00D0591C /* UIImage+TOWebViewControllerIcons.m */,
			);
			path = Webview;
			sourceTree = "<group>";
		};
		330E449B1A07E64D00D0591C /* WKWebview */ = {
			isa = PBXGroup;
			children = (
			);
			path = WKWebview;
			sourceTree = "<group>";
		};
		330E44A01A07E6BA00D0591C /* Card */ = {
			isa = PBXGroup;
			children = (
				330E448B1A07D34100D0591C /* SNBMainNavUIModel.h */,
				330E448C1A07D34100D0591C /* SNBMainNavUIModel.m */,
				334AE25919FF9ED2005C48AB /* SNBMainNavCard.h */,
				334AE25A19FF9ED2005C48AB /* SNBMainNavCard.m */,
				334AE25B19FF9ED2005C48AB /* SNBMainNavCardHeaderCell.h */,
				334AE25C19FF9ED2005C48AB /* SNBMainNavCardHeaderCell.m */,
			);
			name = Card;
			sourceTree = "<group>";
		};
		330E44A11A07E71E00D0591C /* UI */ = {
			isa = PBXGroup;
			children = (
				330E44A21A07E71E00D0591C /* SNBAsynUrlImageView.h */,
				330E44A31A07E71E00D0591C /* SNBAsynUrlImageView.m */,
			);
			path = UI;
			sourceTree = "<group>";
		};
		334AE1BE19FF3573005C48AB = {
			isa = PBXGroup;
			children = (
				334AE1C919FF3573005C48AB /* SNBWebview */,
				334AE1E319FF3573005C48AB /* SNBWebviewTests */,
				334AE1C819FF3573005C48AB /* Products */,
			);
			sourceTree = "<group>";
		};
		334AE1C819FF3573005C48AB /* Products */ = {
			isa = PBXGroup;
			children = (
				334AE1C719FF3573005C48AB /* SNBWebview.app */,
				334AE1E019FF3573005C48AB /* SNBWebviewTests.xctest */,
			);
			name = Products;
			sourceTree = "<group>";
		};
		334AE1C919FF3573005C48AB /* SNBWebview */ = {
			isa = PBXGroup;
			children = (
				334AE1F619FF9DBB005C48AB /* 3rd */,
				334AE28119FF9F74005C48AB /* Base */,
				334AE28019FF9F6E005C48AB /* Biz */,
				334AE1F019FF7678005C48AB /* UI */,
				334AE1CE19FF3573005C48AB /* AppDelegate.h */,
				334AE1CF19FF3573005C48AB /* AppDelegate.m */,
				334AE1D719FF3573005C48AB /* Images.xcassets */,
				334AE1D919FF3573005C48AB /* LaunchScreen.xib */,
				334AE1CA19FF3573005C48AB /* Supporting Files */,
			);
			path = SNBWebview;
			sourceTree = "<group>";
		};
		334AE1CA19FF3573005C48AB /* Supporting Files */ = {
			isa = PBXGroup;
			children = (
				334AE1CB19FF3573005C48AB /* Info.plist */,
				334AE1CC19FF3573005C48AB /* main.m */,
			);
			name = "Supporting Files";
			sourceTree = "<group>";
		};
		334AE1E319FF3573005C48AB /* SNBWebviewTests */ = {
			isa = PBXGroup;
			children = (
				334AE1E619FF3573005C48AB /* SNBWebviewTests.m */,
				334AE1E419FF3573005C48AB /* Supporting Files */,
			);
			path = SNBWebviewTests;
			sourceTree = "<group>";
		};
		334AE1E419FF3573005C48AB /* Supporting Files */ = {
			isa = PBXGroup;
			children = (
				334AE1E519FF3573005C48AB /* Info.plist */,
			);
			name = "Supporting Files";
			sourceTree = "<group>";
		};
		334AE1F019FF7678005C48AB /* UI */ = {
			isa = PBXGroup;
			children = (
				334AE1F119FF7678005C48AB /* MainNav */,
				334AE1F219FF7678005C48AB /* Webview */,
			);
			path = UI;
			sourceTree = "<group>";
		};
		334AE1F119FF7678005C48AB /* MainNav */ = {
			isa = PBXGroup;
			children = (
				334AE25819FF9ED2005C48AB /* GroupUI */,
				334AE1F319FF76D1005C48AB /* SNBMainViewController.h */,
				334AE1F419FF76D1005C48AB /* SNBMainViewController.m */,
			);
			path = MainNav;
			sourceTree = "<group>";
		};
		334AE1F219FF7678005C48AB /* Webview */ = {
			isa = PBXGroup;
			children = (
				330E44921A07E64D00D0591C /* Webview */,
				330E449B1A07E64D00D0591C /* WKWebview */,
			);
			path = Webview;
			sourceTree = "<group>";
		};
		334AE1F619FF9DBB005C48AB /* 3rd */ = {
			isa = PBXGroup;
			children = (
				334AE1F719FF9DBB005C48AB /* KDCycleBannerView */,
				334AE1FA19FF9DBB005C48AB /* SDWebImage */,
			);
			path = 3rd;
			sourceTree = "<group>";
		};
		334AE1F719FF9DBB005C48AB /* KDCycleBannerView */ = {
			isa = PBXGroup;
			children = (
				334AE1F819FF9DBB005C48AB /* KDCycleBannerView.h */,
				334AE1F919FF9DBB005C48AB /* KDCycleBannerView.m */,
			);
			path = KDCycleBannerView;
			sourceTree = "<group>";
		};
		334AE1FA19FF9DBB005C48AB /* SDWebImage */ = {
			isa = PBXGroup;
			children = (
				334AE1FB19FF9DBB005C48AB /* MKAnnotationView+WebCache.h */,
				334AE1FC19FF9DBB005C48AB /* MKAnnotationView+WebCache.m */,
				334AE1FD19FF9DBB005C48AB /* NSData+ImageContentType.h */,
				334AE1FE19FF9DBB005C48AB /* NSData+ImageContentType.m */,
				334AE1FF19FF9DBB005C48AB /* SDImageCache.h */,
				334AE20019FF9DBB005C48AB /* SDImageCache.m */,
				334AE20119FF9DBB005C48AB /* SDWebImageCompat.h */,
				334AE20219FF9DBB005C48AB /* SDWebImageCompat.m */,
				334AE20319FF9DBB005C48AB /* SDWebImageDecoder.h */,
				334AE20419FF9DBB005C48AB /* SDWebImageDecoder.m */,
				334AE20519FF9DBB005C48AB /* SDWebImageDownloader.h */,
				334AE20619FF9DBB005C48AB /* SDWebImageDownloader.m */,
				334AE20719FF9DBB005C48AB /* SDWebImageDownloaderOperation.h */,
				334AE20819FF9DBB005C48AB /* SDWebImageDownloaderOperation.m */,
				334AE20919FF9DBB005C48AB /* SDWebImageManager.h */,
				334AE20A19FF9DBB005C48AB /* SDWebImageManager.m */,
				334AE20B19FF9DBB005C48AB /* SDWebImageOperation.h */,
				334AE20C19FF9DBB005C48AB /* SDWebImagePrefetcher.h */,
				334AE20D19FF9DBB005C48AB /* SDWebImagePrefetcher.m */,
				334AE20E19FF9DBB005C48AB /* UIButton+WebCache.h */,
				334AE20F19FF9DBB005C48AB /* UIButton+WebCache.m */,
				334AE21019FF9DBB005C48AB /* UIImage+GIF.h */,
				334AE21119FF9DBB005C48AB /* UIImage+GIF.m */,
				334AE21219FF9DBB005C48AB /* UIImage+MultiFormat.h */,
				334AE21319FF9DBB005C48AB /* UIImage+MultiFormat.m */,
				334AE21419FF9DBB005C48AB /* UIImage+WebP.h */,
				334AE21519FF9DBB005C48AB /* UIImage+WebP.m */,
				334AE21619FF9DBB005C48AB /* UIImageView+HighlightedWebCache.h */,
				334AE21719FF9DBB005C48AB /* UIImageView+HighlightedWebCache.m */,
				334AE21819FF9DBB005C48AB /* UIImageView+WebCache.h */,
				334AE21919FF9DBB005C48AB /* UIImageView+WebCache.m */,
				334AE21A19FF9DBB005C48AB /* UIView+WebCacheOperation.h */,
				334AE21B19FF9DBB005C48AB /* UIView+WebCacheOperation.m */,
			);
			path = SDWebImage;
			sourceTree = "<group>";
		};
		334AE25819FF9ED2005C48AB /* GroupUI */ = {
			isa = PBXGroup;
			children = (
				330E44A01A07E6BA00D0591C /* Card */,
				330E44911A07E37700D0591C /* HotItems */,
				330E448E1A07DC5B00D0591C /* Card1 */,
				330E448F1A07DC7200D0591C /* Card2 */,
				330E44901A07DC9A00D0591C /* Card3 */,
				334AE27119FF9ED2005C48AB /* SNBMainNavViewController.h */,
				334AE27219FF9ED2005C48AB /* SNBMainNavViewController.m */,
			);
			path = GroupUI;
			sourceTree = "<group>";
		};
		334AE28019FF9F6E005C48AB /* Biz */ = {
			isa = PBXGroup;
			children = (
			);
			path = Biz;
			sourceTree = "<group>";
		};
		334AE28119FF9F74005C48AB /* Base */ = {
			isa = PBXGroup;
			children = (
				330E44A11A07E71E00D0591C /* UI */,
				334AE29219FFA1FB005C48AB /* Model */,
			);
			path = Base;
			sourceTree = "<group>";
		};
		334AE29219FFA1FB005C48AB /* Model */ = {
			isa = PBXGroup;
			children = (
				334AE29319FFA213005C48AB /* SNBModel.h */,
				334AE29419FFA213005C48AB /* SNBModel.m */,
			);
			path = Model;
			sourceTree = "<group>";
		};
/* End PBXGroup section */

/* Begin PBXNativeTarget section */
		334AE1C619FF3573005C48AB /* SNBWebview */ = {
			isa = PBXNativeTarget;
			buildConfigurationList = 334AE1EA19FF3573005C48AB /* Build configuration list for PBXNativeTarget "SNBWebview" */;
			buildPhases = (
				334AE1C319FF3573005C48AB /* Sources */,
				334AE1C419FF3573005C48AB /* Frameworks */,
				334AE1C519FF3573005C48AB /* Resources */,
			);
			buildRules = (
			);
			dependencies = (
			);
			name = SNBWebview;
			productName = SNBWebview;
			productReference = 334AE1C719FF3573005C48AB /* SNBWebview.app */;
			productType = "com.apple.product-type.application";
		};
		334AE1DF19FF3573005C48AB /* SNBWebviewTests */ = {
			isa = PBXNativeTarget;
			buildConfigurationList = 334AE1ED19FF3573005C48AB /* Build configuration list for PBXNativeTarget "SNBWebviewTests" */;
			buildPhases = (
				334AE1DC19FF3573005C48AB /* Sources */,
				334AE1DD19FF3573005C48AB /* Frameworks */,
				334AE1DE19FF3573005C48AB /* Resources */,
			);
			buildRules = (
			);
			dependencies = (
				334AE1E219FF3573005C48AB /* PBXTargetDependency */,
			);
			name = SNBWebviewTests;
			productName = SNBWebviewTests;
			productReference = 334AE1E019FF3573005C48AB /* SNBWebviewTests.xctest */;
			productType = "com.apple.product-type.bundle.unit-test";
		};
/* End PBXNativeTarget section */

/* Begin PBXProject section */
		334AE1BF19FF3573005C48AB /* Project object */ = {
			isa = PBXProject;
			attributes = {
				LastUpgradeCheck = 0600;
				ORGANIZATIONNAME = xxing;
				TargetAttributes = {
					334AE1C619FF3573005C48AB = {
						CreatedOnToolsVersion = 6.0.1;
					};
					334AE1DF19FF3573005C48AB = {
						CreatedOnToolsVersion = 6.0.1;
						TestTargetID = 334AE1C619FF3573005C48AB;
					};
				};
			};
			buildConfigurationList = 334AE1C219FF3573005C48AB /* Build configuration list for PBXProject "SNBWebview" */;
			compatibilityVersion = "Xcode 3.2";
			developmentRegion = English;
			hasScannedForEncodings = 0;
			knownRegions = (
				en,
				Base,
			);
			mainGroup = 334AE1BE19FF3573005C48AB;
			productRefGroup = 334AE1C819FF3573005C48AB /* Products */;
			projectDirPath = "";
			projectRoot = "";
			targets = (
				334AE1C619FF3573005C48AB /* SNBWebview */,
				334AE1DF19FF3573005C48AB /* SNBWebviewTests */,
			);
		};
/* End PBXProject section */

/* Begin PBXResourcesBuildPhase section */
		334AE1C519FF3573005C48AB /* Resources */ = {
			isa = PBXResourcesBuildPhase;
			buildActionMask = 2147483647;
			files = (
				334AE1DB19FF3573005C48AB /* LaunchScreen.xib in Resources */,
				334AE1D819FF3573005C48AB /* Images.xcassets in Resources */,
			);
			runOnlyForDeploymentPostprocessing = 0;
		};
		334AE1DE19FF3573005C48AB /* Resources */ = {
			isa = PBXResourcesBuildPhase;
			buildActionMask = 2147483647;
			files = (
			);
			runOnlyForDeploymentPostprocessing = 0;
		};
/* End PBXResourcesBuildPhase section */

/* Begin PBXSourcesBuildPhase section */
		334AE1C319FF3573005C48AB /* Sources */ = {
			isa = PBXSourcesBuildPhase;
			buildActionMask = 2147483647;
			files = (
				334AE22A19FF9DBB005C48AB /* UIImageView+HighlightedWebCache.m in Sources */,
				334AE27919FF9ED2005C48AB /* SNBMainNavType2Card.m in Sources */,
				334AE22819FF9DBB005C48AB /* UIImage+MultiFormat.m in Sources */,
				334AE27619FF9ED2005C48AB /* SNBMainNavType1Card.m in Sources */,
				330E448D1A07D34100D0591C /* SNBMainNavUIModel.m in Sources */,
				334AE27E19FF9ED2005C48AB /* SNBMainNavType3Model.m in Sources */,
				330E449D1A07E64D00D0591C /* TOActivitySafari.m in Sources */,
				334AE22319FF9DBB005C48AB /* SDWebImageDownloaderOperation.m in Sources */,
				334AE1F519FF76D1005C48AB /* SNBMainViewController.m in Sources */,
				334AE27B19FF9ED2005C48AB /* SNBMainNavType2Model.m in Sources */,
				330E44A41A07E71E00D0591C /* SNBAsynUrlImageView.m in Sources */,
				334AE22019FF9DBB005C48AB /* SDWebImageCompat.m in Sources */,
				334AE22719FF9DBB005C48AB /* UIImage+GIF.m in Sources */,
				334AE27719FF9ED2005C48AB /* SNBMainNavType1Cell.m in Sources */,
				334AE27819FF9ED2005C48AB /* SNBMainNavType1Model.m in Sources */,
				334AE27519FF9ED2005C48AB /* SNBMainNavHotItemButton.m in Sources */,
				334AE27319FF9ED2005C48AB /* SNBMainNavCard.m in Sources */,
				330E449E1A07E64D00D0591C /* TOWebViewController.m in Sources */,
				330E44871A07C9ED00D0591C /* SNBMainNavHotItemModel.m in Sources */,
				334AE22519FF9DBB005C48AB /* SDWebImagePrefetcher.m in Sources */,
				330E449F1A07E64D00D0591C /* UIImage+TOWebViewControllerIcons.m in Sources */,
				334AE29519FFA213005C48AB /* SNBModel.m in Sources */,
				334AE1D019FF3573005C48AB /* AppDelegate.m in Sources */,
				334AE21C19FF9DBB005C48AB /* KDCycleBannerView.m in Sources */,
				334AE22919FF9DBB005C48AB /* UIImage+WebP.m in Sources */,
				334AE22B19FF9DBB005C48AB /* UIImageView+WebCache.m in Sources */,
				334AE27A19FF9ED2005C48AB /* SNBMainNavType2Cell.m in Sources */,
				334AE22219FF9DBB005C48AB /* SDWebImageDownloader.m in Sources */,
				334AE27D19FF9ED2005C48AB /* SNBMainNavType3Cell.m in Sources */,
				334AE22C19FF9DBB005C48AB /* UIView+WebCacheOperation.m in Sources */,
				330E449C1A07E64D00D0591C /* TOActivityChrome.m in Sources */,
				334AE22619FF9DBB005C48AB /* UIButton+WebCache.m in Sources */,
				334AE27C19FF9ED2005C48AB /* SNBMainNavType3Card.m in Sources */,
				334AE21D19FF9DBB005C48AB /* MKAnnotationView+WebCache.m in Sources */,
				334AE21E19FF9DBB005C48AB /* NSData+ImageContentType.m in Sources */,
				334AE27F19FF9ED2005C48AB /* SNBMainNavViewController.m in Sources */,
				334AE1CD19FF3573005C48AB /* main.m in Sources */,
				334AE22419FF9DBB005C48AB /* SDWebImageManager.m in Sources */,
				334AE22119FF9DBB005C48AB /* SDWebImageDecoder.m in Sources */,
				334AE21F19FF9DBB005C48AB /* SDImageCache.m in Sources */,
				334AE27419FF9ED2005C48AB /* SNBMainNavCardHeaderCell.m in Sources */,
			);
			runOnlyForDeploymentPostprocessing = 0;
		};
		334AE1DC19FF3573005C48AB /* Sources */ = {
			isa = PBXSourcesBuildPhase;
			buildActionMask = 2147483647;
			files = (
				334AE1E719FF3573005C48AB /* SNBWebviewTests.m in Sources */,
			);
			runOnlyForDeploymentPostprocessing = 0;
		};
/* End PBXSourcesBuildPhase section */

/* Begin PBXTargetDependency section */
		334AE1E219FF3573005C48AB /* PBXTargetDependency */ = {
			isa = PBXTargetDependency;
			target = 334AE1C619FF3573005C48AB /* SNBWebview */;
			targetProxy = 334AE1E119FF3573005C48AB /* PBXContainerItemProxy */;
		};
/* End PBXTargetDependency section */

/* Begin PBXVariantGroup section */
		334AE1D919FF3573005C48AB /* LaunchScreen.xib */ = {
			isa = PBXVariantGroup;
			children = (
				334AE1DA19FF3573005C48AB /* Base */,
			);
			name = LaunchScreen.xib;
			sourceTree = "<group>";
		};
/* End PBXVariantGroup section */

/* Begin XCBuildConfiguration section */
		334AE1E819FF3573005C48AB /* Debug */ = {
			isa = XCBuildConfiguration;
			buildSettings = {
				ALWAYS_SEARCH_USER_PATHS = NO;
				CLANG_CXX_LANGUAGE_STANDARD = "gnu++0x";
				CLANG_CXX_LIBRARY = "libc++";
				CLANG_ENABLE_MODULES = YES;
				CLANG_ENABLE_OBJC_ARC = YES;
				CLANG_WARN_BOOL_CONVERSION = YES;
				CLANG_WARN_CONSTANT_CONVERSION = YES;
				CLANG_WARN_DIRECT_OBJC_ISA_USAGE = YES_ERROR;
				CLANG_WARN_EMPTY_BODY = YES;
				CLANG_WARN_ENUM_CONVERSION = YES;
				CLANG_WARN_INT_CONVERSION = YES;
				CLANG_WARN_OBJC_ROOT_CLASS = YES_ERROR;
				CLANG_WARN_UNREACHABLE_CODE = YES;
				CLANG_WARN__DUPLICATE_METHOD_MATCH = YES;
				"CODE_SIGN_IDENTITY[sdk=iphoneos*]" = "iPhone Developer";
				COPY_PHASE_STRIP = NO;
				ENABLE_STRICT_OBJC_MSGSEND = YES;
				GCC_C_LANGUAGE_STANDARD = gnu99;
				GCC_DYNAMIC_NO_PIC = NO;
				GCC_OPTIMIZATION_LEVEL = 0;
				GCC_PREPROCESSOR_DEFINITIONS = (
					"DEBUG=1",
					"$(inherited)",
				);
				GCC_SYMBOLS_PRIVATE_EXTERN = NO;
				GCC_WARN_64_TO_32_BIT_CONVERSION = YES;
				GCC_WARN_ABOUT_RETURN_TYPE = YES_ERROR;
				GCC_WARN_UNDECLARED_SELECTOR = YES;
				GCC_WARN_UNINITIALIZED_AUTOS = YES_AGGRESSIVE;
				GCC_WARN_UNUSED_FUNCTION = YES;
				GCC_WARN_UNUSED_VARIABLE = YES;
				IPHONEOS_DEPLOYMENT_TARGET = 5.1;
				MTL_ENABLE_DEBUG_INFO = YES;
				ONLY_ACTIVE_ARCH = YES;
				SDKROOT = iphoneos;
			};
			name = Debug;
		};
		334AE1E919FF3573005C48AB /* Release */ = {
			isa = XCBuildConfiguration;
			buildSettings = {
				ALWAYS_SEARCH_USER_PATHS = NO;
				CLANG_CXX_LANGUAGE_STANDARD = "gnu++0x";
				CLANG_CXX_LIBRARY = "libc++";
				CLANG_ENABLE_MODULES = YES;
				CLANG_ENABLE_OBJC_ARC = YES;
				CLANG_WARN_BOOL_CONVERSION = YES;
				CLANG_WARN_CONSTANT_CONVERSION = YES;
				CLANG_WARN_DIRECT_OBJC_ISA_USAGE = YES_ERROR;
				CLANG_WARN_EMPTY_BODY = YES;
				CLANG_WARN_ENUM_CONVERSION = YES;
				CLANG_WARN_INT_CONVERSION = YES;
				CLANG_WARN_OBJC_ROOT_CLASS = YES_ERROR;
				CLANG_WARN_UNREACHABLE_CODE = YES;
				CLANG_WARN__DUPLICATE_METHOD_MATCH = YES;
				"CODE_SIGN_IDENTITY[sdk=iphoneos*]" = "iPhone Developer";
				COPY_PHASE_STRIP = YES;
				ENABLE_NS_ASSERTIONS = NO;
				ENABLE_STRICT_OBJC_MSGSEND = YES;
				GCC_C_LANGUAGE_STANDARD = gnu99;
				GCC_WARN_64_TO_32_BIT_CONVERSION = YES;
				GCC_WARN_ABOUT_RETURN_TYPE = YES_ERROR;
				GCC_WARN_UNDECLARED_SELECTOR = YES;
				GCC_WARN_UNINITIALIZED_AUTOS = YES_AGGRESSIVE;
				GCC_WARN_UNUSED_FUNCTION = YES;
				GCC_WARN_UNUSED_VARIABLE = YES;
				IPHONEOS_DEPLOYMENT_TARGET = 5.1;
				MTL_ENABLE_DEBUG_INFO = NO;
				SDKROOT = iphoneos;
				VALIDATE_PRODUCT = YES;
			};
			name = Release;
		};
		334AE1EB19FF3573005C48AB /* Debug */ = {
			isa = XCBuildConfiguration;
			buildSettings = {
				ASSETCATALOG_COMPILER_APPICON_NAME = AppIcon;
				INFOPLIST_FILE = SNBWebview/Info.plist;
				LD_RUNPATH_SEARCH_PATHS = "$(inherited) @executable_path/Frameworks";
				PRODUCT_NAME = "$(TARGET_NAME)";
			};
			name = Debug;
		};
		334AE1EC19FF3573005C48AB /* Release */ = {
			isa = XCBuildConfiguration;
			buildSettings = {
				ASSETCATALOG_COMPILER_APPICON_NAME = AppIcon;
				INFOPLIST_FILE = SNBWebview/Info.plist;
				LD_RUNPATH_SEARCH_PATHS = "$(inherited) @executable_path/Frameworks";
				PRODUCT_NAME = "$(TARGET_NAME)";
			};
			name = Release;
		};
		334AE1EE19FF3573005C48AB /* Debug */ = {
			isa = XCBuildConfiguration;
			buildSettings = {
				BUNDLE_LOADER = "$(TEST_HOST)";
				FRAMEWORK_SEARCH_PATHS = (
					"$(SDKROOT)/Developer/Library/Frameworks",
					"$(inherited)",
				);
				GCC_PREPROCESSOR_DEFINITIONS = (
					"DEBUG=1",
					"$(inherited)",
				);
				INFOPLIST_FILE = SNBWebviewTests/Info.plist;
				LD_RUNPATH_SEARCH_PATHS = "$(inherited) @executable_path/Frameworks @loader_path/Frameworks";
				PRODUCT_NAME = "$(TARGET_NAME)";
				TEST_HOST = "$(BUILT_PRODUCTS_DIR)/SNBWebview.app/SNBWebview";
			};
			name = Debug;
		};
		334AE1EF19FF3573005C48AB /* Release */ = {
			isa = XCBuildConfiguration;
			buildSettings = {
				BUNDLE_LOADER = "$(TEST_HOST)";
				FRAMEWORK_SEARCH_PATHS = (
					"$(SDKROOT)/Developer/Library/Frameworks",
					"$(inherited)",
				);
				INFOPLIST_FILE = SNBWebviewTests/Info.plist;
				LD_RUNPATH_SEARCH_PATHS = "$(inherited) @executable_path/Frameworks @loader_path/Frameworks";
				PRODUCT_NAME = "$(TARGET_NAME)";
				TEST_HOST = "$(BUILT_PRODUCTS_DIR)/SNBWebview.app/SNBWebview";
			};
			name = Release;
		};
/* End XCBuildConfiguration section */

/* Begin XCConfigurationList section */
		334AE1C219FF3573005C48AB /* Build configuration list for PBXProject "SNBWebview" */ = {
			isa = XCConfigurationList;
			buildConfigurations = (
				334AE1E819FF3573005C48AB /* Debug */,
				334AE1E919FF3573005C48AB /* Release */,
			);
			defaultConfigurationIsVisible = 0;
			defaultConfigurationName = Release;
		};
		334AE1EA19FF3573005C48AB /* Build configuration list for PBXNativeTarget "SNBWebview" */ = {
			isa = XCConfigurationList;
			buildConfigurations = (
				334AE1EB19FF3573005C48AB /* Debug */,
				334AE1EC19FF3573005C48AB /* Release */,
			);
			defaultConfigurationIsVisible = 0;
			defaultConfigurationName = Release;
		};
		334AE1ED19FF3573005C48AB /* Build configuration list for PBXNativeTarget "SNBWebviewTests" */ = {
			isa = XCConfigurationList;
			buildConfigurations = (
				334AE1EE19FF3573005C48AB /* Debug */,
				334AE1EF19FF3573005C48AB /* Release */,
			);
			defaultConfigurationIsVisible = 0;
			defaultConfigurationName = Release;
		};
/* End XCConfigurationList section */
	};
	rootObject = 334AE1BF19FF3573005C48AB /* Project object */;
}
